
Microsoft Visual Studio Solution File, Format Version 12.00
# Visual Studio Version 16
VisualStudioVersion = 16.0.29613.14
MinimumVisualStudioVersion = 10.0.40219.1
Project("{FAE04EC0-301F-11D3-BF4B-00C04F79EFBC}") = "OhPizza", "OhPizza\OhPizza.csproj", "{A3FBEF7D-61AB-4D28-8A98-7DB03E491F0C}"
EndProject
Global
	GlobalSection(SolutionConfigurationPlatforms) = preSolution
		Debug|Any CPU = Debug|Any CPU
		Release|Any CPU = Release|Any CPU
	EndGlobalSection
	GlobalSection(ProjectConfigurationPlatforms) = postSolution
		{A3FBEF7D-61AB-4D28-8A98-7DB03E491F0C}.Debug|Any CPU.ActiveCfg = Debug|Any CPU
		{A3FBEF7D-61AB-4D28-8A98-7DB03E491F0C}.Debug|Any CPU.Build.0 = Debug|Any CPU
		{A3FBEF7D-61AB-4D28-8A98-7DB03E491F0C}.Release|Any CPU.ActiveCfg = Release|Any CPU
		{A3FBEF7D-61AB-4D28-8A98-7DB03E491F0C}.Release|Any CPU.Build.0 = Release|Any CPU
	EndGlobalSection
	GlobalSection(SolutionProperties) = preSolution
		HideSolutionNode = FALSE
	EndGlobalSection
	GlobalSection(ExtensibilityGlobals) = postSolution
		SolutionGuid = {77F578EB-CA2A-4FBA-80E5-C1F643D0693F}
	EndGlobalSection
EndGlobal
